
Microsoft Visual Studio Solution File, Format Version 12.00
# Visual Studio Version 17
VisualStudioVersion = 17.11.35327.3
MinimumVisualStudioVersion = 10.0.40219.1
Project("{FAE04EC0-301F-11D3-BF4B-00C04F79EFBC}") = "FitnessTrackingApp.Web", "FitnessTrackingApp.Web\FitnessTrackingApp.Web.csproj", "{98B2A36F-9C55-4F39-A6C7-BE213274085C}"
EndProject
Global
	GlobalSection(SolutionConfigurationPlatforms) = preSolution
		Debug|Any CPU = Debug|Any CPU
		Release|Any CPU = Release|Any CPU
	EndGlobalSection
	GlobalSection(ProjectConfigurationPlatforms) = postSolution
		{98B2A36F-9C55-4F39-A6C7-BE213274085C}.Debug|Any CPU.ActiveCfg = Debug|Any CPU
		{98B2A36F-9C55-4F39-A6C7-BE213274085C}.Debug|Any CPU.Build.0 = Debug|Any CPU
		{98B2A36F-9C55-4F39-A6C7-BE213274085C}.Release|Any CPU.ActiveCfg = Release|Any CPU
		{98B2A36F-9C55-4F39-A6C7-BE213274085C}.Release|Any CPU.Build.0 = Release|Any CPU
	EndGlobalSection
	GlobalSection(SolutionProperties) = preSolution
		HideSolutionNode = FALSE
	EndGlobalSection
	GlobalSection(ExtensibilityGlobals) = postSolution
		SolutionGuid = {AA8513C1-7B50-4B1F-936D-A1D169664D20}
	EndGlobalSection
EndGlobal
